
Microsoft Visual Studio Solution File, Format Version 12.00
# Visual Studio Version 17
VisualStudioVersion = 17.0.31903.59
MinimumVisualStudioVersion = 10.0.40219.1
Project("{2150E333-8FDC-42A3-9474-1A3956D46DE8}") = "src", ".", "{827E0CD3-B72D-47B6-A68D-7590B98EB39B}"
EndProject
Project("{FAE04EC0-301F-11D3-BF4B-00C04F79EFBC}") = "cCoder.Scheduling", "cCoder.Scheduling\cCoder.Scheduling.csproj", "{760200CE-4343-40B3-9D04-DCE409A06BA9}"
EndProject
Project("{FAE04EC0-301F-11D3-BF4B-00C04F79EFBC}") = "cCoder.Scheduling.Tests", "cCoder.Scheduling.Tests\cCoder.Scheduling.Tests.csproj", "{A70AACAE-2E22-4BEF-8A78-15709D1AB85A}"
EndProject
Project("{FAE04EC0-301F-11D3-BF4B-00C04F79EFBC}") = "Scheduling.AcceptanceTests", "Scheduling.AcceptanceTests\Scheduling.AcceptanceTests.csproj", "{777635F2-D6DA-4BBE-9AD8-24B214AF10FC}"
EndProject
Project("{FAE04EC0-301F-11D3-BF4B-00C04F79EFBC}") = "Scheduling.Web", "Scheduling.Web\Scheduling.Web.csproj", "{B4E89DAF-0A20-4014-9577-CC61910D6BC5}"
EndProject
Global
	GlobalSection(SolutionConfigurationPlatforms) = preSolution
		Debug|Any CPU = Debug|Any CPU
		Debug|x64 = Debug|x64
		Debug|x86 = Debug|x86
		Release|Any CPU = Release|Any CPU
		Release|x64 = Release|x64
		Release|x86 = Release|x86
	EndGlobalSection
	GlobalSection(ProjectConfigurationPlatforms) = postSolution
		{760200CE-4343-40B3-9D04-DCE409A06BA9}.Debug|Any CPU.ActiveCfg = Debug|Any CPU
		{760200CE-4343-40B3-9D04-DCE409A06BA9}.Debug|Any CPU.Build.0 = Debug|Any CPU
		{760200CE-4343-40B3-9D04-DCE409A06BA9}.Debug|x64.ActiveCfg = Debug|Any CPU
		{760200CE-4343-40B3-9D04-DCE409A06BA9}.Debug|x64.Build.0 = Debug|Any CPU
		{760200CE-4343-40B3-9D04-DCE409A06BA9}.Debug|x86.ActiveCfg = Debug|Any CPU
		{760200CE-4343-40B3-9D04-DCE409A06BA9}.Debug|x86.Build.0 = Debug|Any CPU
		{760200CE-4343-40B3-9D04-DCE409A06BA9}.Release|Any CPU.ActiveCfg = Release|Any CPU
		{760200CE-4343-40B3-9D04-DCE409A06BA9}.Release|Any CPU.Build.0 = Release|Any CPU
		{760200CE-4343-40B3-9D04-DCE409A06BA9}.Release|x64.ActiveCfg = Release|Any CPU
		{760200CE-4343-40B3-9D04-DCE409A06BA9}.Release|x64.Build.0 = Release|Any CPU
		{760200CE-4343-40B3-9D04-DCE409A06BA9}.Release|x86.ActiveCfg = Release|Any CPU
		{760200CE-4343-40B3-9D04-DCE409A06BA9}.Release|x86.Build.0 = Release|Any CPU
		{A70AACAE-2E22-4BEF-8A78-15709D1AB85A}.Debug|Any CPU.ActiveCfg = Debug|Any CPU
		{A70AACAE-2E22-4BEF-8A78-15709D1AB85A}.Debug|Any CPU.Build.0 = Debug|Any CPU
		{A70AACAE-2E22-4BEF-8A78-15709D1AB85A}.Debug|x64.ActiveCfg = Debug|Any CPU
		{A70AACAE-2E22-4BEF-8A78-15709D1AB85A}.Debug|x64.Build.0 = Debug|Any CPU
		{A70AACAE-2E22-4BEF-8A78-15709D1AB85A}.Debug|x86.ActiveCfg = Debug|Any CPU
		{A70AACAE-2E22-4BEF-8A78-15709D1AB85A}.Debug|x86.Build.0 = Debug|Any CPU
		{A70AACAE-2E22-4BEF-8A78-15709D1AB85A}.Release|Any CPU.ActiveCfg = Release|Any CPU
		{A70AACAE-2E22-4BEF-8A78-15709D1AB85A}.Release|Any CPU.Build.0 = Release|Any CPU
		{A70AACAE-2E22-4BEF-8A78-15709D1AB85A}.Release|x64.ActiveCfg = Release|Any CPU
		{A70AACAE-2E22-4BEF-8A78-15709D1AB85A}.Release|x64.Build.0 = Release|Any CPU
		{A70AACAE-2E22-4BEF-8A78-15709D1AB85A}.Release|x86.ActiveCfg = Release|Any CPU
		{A70AACAE-2E22-4BEF-8A78-15709D1AB85A}.Release|x86.Build.0 = Release|Any CPU
		{777635F2-D6DA-4BBE-9AD8-24B214AF10FC}.Debug|Any CPU.ActiveCfg = Debug|Any CPU
		{777635F2-D6DA-4BBE-9AD8-24B214AF10FC}.Debug|Any CPU.Build.0 = Debug|Any CPU
		{777635F2-D6DA-4BBE-9AD8-24B214AF10FC}.Debug|x64.ActiveCfg = Debug|Any CPU
		{777635F2-D6DA-4BBE-9AD8-24B214AF10FC}.Debug|x64.Build.0 = Debug|Any CPU
		{777635F2-D6DA-4BBE-9AD8-24B214AF10FC}.Debug|x86.ActiveCfg = Debug|Any CPU
		{777635F2-D6DA-4BBE-9AD8-24B214AF10FC}.Debug|x86.Build.0 = Debug|Any CPU
		{777635F2-D6DA-4BBE-9AD8-24B214AF10FC}.Release|Any CPU.ActiveCfg = Release|Any CPU
		{777635F2-D6DA-4BBE-9AD8-24B214AF10FC}.Release|Any CPU.Build.0 = Release|Any CPU
		{777635F2-D6DA-4BBE-9AD8-24B214AF10FC}.Release|x64.ActiveCfg = Release|Any CPU
		{777635F2-D6DA-4BBE-9AD8-24B214AF10FC}.Release|x64.Build.0 = Release|Any CPU
		{777635F2-D6DA-4BBE-9AD8-24B214AF10FC}.Release|x86.ActiveCfg = Release|Any CPU
		{777635F2-D6DA-4BBE-9AD8-24B214AF10FC}.Release|x86.Build.0 = Release|Any CPU
		{B4E89DAF-0A20-4014-9577-CC61910D6BC5}.Debug|Any CPU.ActiveCfg = Debug|Any CPU
		{B4E89DAF-0A20-4014-9577-CC61910D6BC5}.Debug|Any CPU.Build.0 = Debug|Any CPU
		{B4E89DAF-0A20-4014-9577-CC61910D6BC5}.Debug|x64.ActiveCfg = Debug|Any CPU
		{B4E89DAF-0A20-4014-9577-CC61910D6BC5}.Debug|x64.Build.0 = Debug|Any CPU
		{B4E89DAF-0A20-4014-9577-CC61910D6BC5}.Debug|x86.ActiveCfg = Debug|Any CPU
		{B4E89DAF-0A20-4014-9577-CC61910D6BC5}.Debug|x86.Build.0 = Debug|Any CPU
		{B4E89DAF-0A20-4014-9577-CC61910D6BC5}.Release|Any CPU.ActiveCfg = Release|Any CPU
		{B4E89DAF-0A20-4014-9577-CC61910D6BC5}.Release|Any CPU.Build.0 = Release|Any CPU
		{B4E89DAF-0A20-4014-9577-CC61910D6BC5}.Release|x64.ActiveCfg = Release|Any CPU
		{B4E89DAF-0A20-4014-9577-CC61910D6BC5}.Release|x64.Build.0 = Release|Any CPU
		{B4E89DAF-0A20-4014-9577-CC61910D6BC5}.Release|x86.ActiveCfg = Release|Any CPU
		{B4E89DAF-0A20-4014-9577-CC61910D6BC5}.Release|x86.Build.0 = Release|Any CPU
	EndGlobalSection
	GlobalSection(SolutionProperties) = preSolution
		HideSolutionNode = FALSE
	EndGlobalSection
	GlobalSection(NestedProjects) = preSolution
		{760200CE-4343-40B3-9D04-DCE409A06BA9} = {827E0CD3-B72D-47B6-A68D-7590B98EB39B}
		{A70AACAE-2E22-4BEF-8A78-15709D1AB85A} = {827E0CD3-B72D-47B6-A68D-7590B98EB39B}
		{777635F2-D6DA-4BBE-9AD8-24B214AF10FC} = {827E0CD3-B72D-47B6-A68D-7590B98EB39B}
		{B4E89DAF-0A20-4014-9577-CC61910D6BC5} = {827E0CD3-B72D-47B6-A68D-7590B98EB39B}
	EndGlobalSection
EndGlobal
